
Microsoft Visual Studio Solution File, Format Version 12.00
# Visual Studio Version 17
VisualStudioVersion = 17.11.35219.272
MinimumVisualStudioVersion = 10.0.40219.1
Project("{FAE04EC0-301F-11D3-BF4B-00C04F79EFBC}") = "Proyecto", "Proyecto\Proyecto.csproj", "{A9E3930E-E81B-4537-973A-03A5FBA6EA82}"
EndProject
Global
	GlobalSection(SolutionConfigurationPlatforms) = preSolution
		Debug|Any CPU = Debug|Any CPU
		Release|Any CPU = Release|Any CPU
	EndGlobalSection
	GlobalSection(ProjectConfigurationPlatforms) = postSolution
		{A9E3930E-E81B-4537-973A-03A5FBA6EA82}.Debug|Any CPU.ActiveCfg = Debug|Any CPU
		{A9E3930E-E81B-4537-973A-03A5FBA6EA82}.Debug|Any CPU.Build.0 = Debug|Any CPU
		{A9E3930E-E81B-4537-973A-03A5FBA6EA82}.Release|Any CPU.ActiveCfg = Release|Any CPU
		{A9E3930E-E81B-4537-973A-03A5FBA6EA82}.Release|Any CPU.Build.0 = Release|Any CPU
	EndGlobalSection
	GlobalSection(SolutionProperties) = preSolution
		HideSolutionNode = FALSE
	EndGlobalSection
	GlobalSection(ExtensibilityGlobals) = postSolution
		SolutionGuid = {A1A9CB20-B247-4B3B-B094-37987DC80FC8}
	EndGlobalSection
EndGlobal
